
Microsoft Visual Studio Solution File, Format Version 12.00
# Visual Studio Version 17
VisualStudioVersion = 17.2.32526.322
MinimumVisualStudioVersion = 10.0.40219.1
Project("{9A19103F-16F7-4668-BE54-9A1E7A4F7556}") = "Knowledge.API", "src\Knowledge.API\Knowledge.API.csproj", "{5388863C-20AB-4DD4-AB8B-9965AE86A343}"
EndProject
Project("{2150E333-8FDC-42A3-9474-1A3956D46DE8}") = "Solution Items", "Solution Items", "{A0EE42A7-8F20-4DC6-B04C-F13CE595B92B}"
	ProjectSection(SolutionItems) = preProject
		.editorconfig = .editorconfig
		docker\.env = docker\.env
		docker\docker-compose.yml = docker\docker-compose.yml
		docker\docker-compose-aws.yml = docker\docker-compose-aws.yml
		Makefile = Makefile
	EndProjectSection
EndProject
Project("{9A19103F-16F7-4668-BE54-9A1E7A4F7556}") = "Knowledge.Temp.Test", "test\Knowledge.Temp.Test\Knowledge.Temp.Test.csproj", "{90A4E51E-0093-4970-A910-5DB274BF1D67}"
EndProject
Project("{9A19103F-16F7-4668-BE54-9A1E7A4F7556}") = "NetworkLayer.API", "src\NetworkLayer.API\NetworkLayer.API.csproj", "{A87BDEE5-99B7-444B-8818-94869082E307}"
EndProject
Project("{9A19103F-16F7-4668-BE54-9A1E7A4F7556}") = "Data.Console", "src\Data.Console\Data.Console.csproj", "{99F6368F-EFB4-4281-A8E5-99254D038249}"
EndProject
Project("{9A19103F-16F7-4668-BE54-9A1E7A4F7556}") = "NetworkLayer.Grpc", "src\NetworkLayer.Grpc\NetworkLayer.Grpc.csproj", "{7048323C-4AFD-444F-94BF-46E09AAADD45}"
EndProject
Project("{9A19103F-16F7-4668-BE54-9A1E7A4F7556}") = "Data.Test", "test\Data.Test\Data.Test.csproj", "{6A0BE8CF-3E30-4F55-9250-51D6023E9FB3}"
EndProject
Project("{9A19103F-16F7-4668-BE54-9A1E7A4F7556}") = "Knowledge.Grpc", "src\Knowledge.Grpc\Knowledge.Grpc.csproj", "{D0B2363B-BA8B-4D4C-951D-60B3ADA4CC9E}"
EndProject
Project("{9A19103F-16F7-4668-BE54-9A1E7A4F7556}") = "Knowledge.API.Contracts", "src\Knowledge.API.Contracts\Knowledge.API.Contracts.csproj", "{0DA29C5A-0251-47C2-B33C-3B56468F2078}"
EndProject
Project("{9A19103F-16F7-4668-BE54-9A1E7A4F7556}") = "Agent.API.Contracts", "src\Agent.API.Contracts\Agent.API.Contracts.csproj", "{B41C140A-7E04-4AD1-90DA-75113DA019F3}"
EndProject
Project("{9A19103F-16F7-4668-BE54-9A1E7A4F7556}") = "Agent.API", "src\Agent.API\Agent.API.csproj", "{D7066B5E-48EE-4CF4-8681-E485195949E6}"
EndProject
Project("{9A19103F-16F7-4668-BE54-9A1E7A4F7556}") = "Common.Web", "src\Common.Web\Common.Web.csproj", "{EB8DCDC6-A66A-499E-B4E7-FB9FE561CEC4}"
EndProject
Project("{9A19103F-16F7-4668-BE54-9A1E7A4F7556}") = "Agent.Core", "src\Agent.Core\Agent.Core.csproj", "{488E7591-0697-4161-B6B0-B6AF70CB7DC1}"
EndProject
Project("{9A19103F-16F7-4668-BE54-9A1E7A4F7556}") = "Common", "src\Common\Common.csproj", "{73ABC52A-2FE0-40A9-81E2-9133F7517A56}"
EndProject
Project("{9A19103F-16F7-4668-BE54-9A1E7A4F7556}") = "Common.Grpc", "src\Common.Grpc\Common.Grpc.csproj", "{B4A6ABC8-4F9A-491D-89AD-6DC2A3ABCE59}"
EndProject
Project("{9A19103F-16F7-4668-BE54-9A1E7A4F7556}") = "Data.Grpc", "src\Data.Grpc\Data.Grpc.csproj", "{48738A4B-ACA9-4AC5-A17E-19E6FCB85624}"
EndProject
Project("{9A19103F-16F7-4668-BE54-9A1E7A4F7556}") = "Data.API", "src\Data.API\Data.API.csproj", "{EFFEEFE5-A8E6-47DF-9A40-855F15749C17}"
EndProject
Project("{2150E333-8FDC-42A3-9474-1A3956D46DE8}") = "src", "src", "{69023CA3-2474-4DAF-9B44-B0CC94A13620}"
EndProject
Project("{2150E333-8FDC-42A3-9474-1A3956D46DE8}") = "Services", "Services", "{487EEE18-C0C4-4D0D-B960-8B56CF85C8CD}"
EndProject
Project("{2150E333-8FDC-42A3-9474-1A3956D46DE8}") = "Common", "Common", "{D24B04A7-CB9A-4243-8B35-9140C88A3D0A}"
EndProject
Project("{2150E333-8FDC-42A3-9474-1A3956D46DE8}") = "Agent", "Agent", "{4E6C6147-5DDD-4F96-B578-0205F5C56F19}"
EndProject
Project("{2150E333-8FDC-42A3-9474-1A3956D46DE8}") = "Data", "Data", "{3179A662-C369-4D7D-A1BF-05AC2F90E8D1}"
EndProject
Project("{2150E333-8FDC-42A3-9474-1A3956D46DE8}") = "Knowledge", "Knowledge", "{A01141FD-AEAE-4F93-B812-F62039C696E7}"
EndProject
Project("{2150E333-8FDC-42A3-9474-1A3956D46DE8}") = "NetworkLayer", "NetworkLayer", "{FD42B753-D1F1-40ED-A301-DD060752492B}"
EndProject
Project("{9A19103F-16F7-4668-BE54-9A1E7A4F7556}") = "Data.Test.Manual", "src\Data.Test.Manual\Data.Test.Manual.csproj", "{00755EC4-E700-48AC-AB9C-52683F0B622B}"
EndProject
Project("{FAE04EC0-301F-11D3-BF4B-00C04F79EFBC}") = "ReasoningConflictPlotting", "src\Utilities\ReasoningConflictPlotting\ReasoningConflictPlotting.csproj", "{3923C53B-B5CF-4EDF-861F-513FAB0BB36C}"
EndProject
Project("{2150E333-8FDC-42A3-9474-1A3956D46DE8}") = "Utilities", "Utilities", "{47DC6D59-D29C-4ED4-B21F-3583AE5685D8}"
EndProject
Project("{FAE04EC0-301F-11D3-BF4B-00C04F79EFBC}") = "test", "src\Utilities\test\test.csproj", "{388F2500-F258-471C-AD4E-7E411D100979}"
EndProject
Project("{FAE04EC0-301F-11D3-BF4B-00C04F79EFBC}") = "Agent.Lambda", "src\Agent.Lambda\src\Agent.Lambda\Agent.Lambda.csproj", "{778CD5B2-B423-4701-A200-C27AC087E3A8}"
EndProject
Project("{FAE04EC0-301F-11D3-BF4B-00C04F79EFBC}") = "Agent.Lambda.Tests", "src\Agent.Lambda\test\Agent.Lambda.Tests\Agent.Lambda.Tests.csproj", "{242A094C-78C3-4E8E-AFC8-456A0B340A23}"
EndProject
Project("{FAE04EC0-301F-11D3-BF4B-00C04F79EFBC}") = "Common.Sqs", "src\Common.Sqs\Common.Sqs.csproj", "{F0831D6F-D070-4B8A-9347-BFE246576BCC}"
EndProject
Global
	GlobalSection(SolutionConfigurationPlatforms) = preSolution
		Debug|Any CPU = Debug|Any CPU
		Release|Any CPU = Release|Any CPU
	EndGlobalSection
	GlobalSection(ProjectConfigurationPlatforms) = postSolution
		{5388863C-20AB-4DD4-AB8B-9965AE86A343}.Debug|Any CPU.ActiveCfg = Debug|Any CPU
		{5388863C-20AB-4DD4-AB8B-9965AE86A343}.Debug|Any CPU.Build.0 = Debug|Any CPU
		{5388863C-20AB-4DD4-AB8B-9965AE86A343}.Release|Any CPU.ActiveCfg = Release|Any CPU
		{5388863C-20AB-4DD4-AB8B-9965AE86A343}.Release|Any CPU.Build.0 = Release|Any CPU
		{90A4E51E-0093-4970-A910-5DB274BF1D67}.Debug|Any CPU.ActiveCfg = Debug|Any CPU
		{90A4E51E-0093-4970-A910-5DB274BF1D67}.Debug|Any CPU.Build.0 = Debug|Any CPU
		{90A4E51E-0093-4970-A910-5DB274BF1D67}.Release|Any CPU.ActiveCfg = Release|Any CPU
		{90A4E51E-0093-4970-A910-5DB274BF1D67}.Release|Any CPU.Build.0 = Release|Any CPU
		{A87BDEE5-99B7-444B-8818-94869082E307}.Debug|Any CPU.ActiveCfg = Debug|Any CPU
		{A87BDEE5-99B7-444B-8818-94869082E307}.Debug|Any CPU.Build.0 = Debug|Any CPU
		{A87BDEE5-99B7-444B-8818-94869082E307}.Release|Any CPU.ActiveCfg = Release|Any CPU
		{A87BDEE5-99B7-444B-8818-94869082E307}.Release|Any CPU.Build.0 = Release|Any CPU
		{99F6368F-EFB4-4281-A8E5-99254D038249}.Debug|Any CPU.ActiveCfg = Debug|Any CPU
		{99F6368F-EFB4-4281-A8E5-99254D038249}.Debug|Any CPU.Build.0 = Debug|Any CPU
		{99F6368F-EFB4-4281-A8E5-99254D038249}.Release|Any CPU.ActiveCfg = Release|Any CPU
		{99F6368F-EFB4-4281-A8E5-99254D038249}.Release|Any CPU.Build.0 = Release|Any CPU
		{7048323C-4AFD-444F-94BF-46E09AAADD45}.Debug|Any CPU.ActiveCfg = Debug|Any CPU
		{7048323C-4AFD-444F-94BF-46E09AAADD45}.Debug|Any CPU.Build.0 = Debug|Any CPU
		{7048323C-4AFD-444F-94BF-46E09AAADD45}.Release|Any CPU.ActiveCfg = Release|Any CPU
		{7048323C-4AFD-444F-94BF-46E09AAADD45}.Release|Any CPU.Build.0 = Release|Any CPU
		{6A0BE8CF-3E30-4F55-9250-51D6023E9FB3}.Debug|Any CPU.ActiveCfg = Debug|Any CPU
		{6A0BE8CF-3E30-4F55-9250-51D6023E9FB3}.Debug|Any CPU.Build.0 = Debug|Any CPU
		{6A0BE8CF-3E30-4F55-9250-51D6023E9FB3}.Release|Any CPU.ActiveCfg = Release|Any CPU
		{6A0BE8CF-3E30-4F55-9250-51D6023E9FB3}.Release|Any CPU.Build.0 = Release|Any CPU
		{D0B2363B-BA8B-4D4C-951D-60B3ADA4CC9E}.Debug|Any CPU.ActiveCfg = Debug|Any CPU
		{D0B2363B-BA8B-4D4C-951D-60B3ADA4CC9E}.Debug|Any CPU.Build.0 = Debug|Any CPU
		{D0B2363B-BA8B-4D4C-951D-60B3ADA4CC9E}.Release|Any CPU.ActiveCfg = Release|Any CPU
		{D0B2363B-BA8B-4D4C-951D-60B3ADA4CC9E}.Release|Any CPU.Build.0 = Release|Any CPU
		{0DA29C5A-0251-47C2-B33C-3B56468F2078}.Debug|Any CPU.ActiveCfg = Debug|Any CPU
		{0DA29C5A-0251-47C2-B33C-3B56468F2078}.Debug|Any CPU.Build.0 = Debug|Any CPU
		{0DA29C5A-0251-47C2-B33C-3B56468F2078}.Release|Any CPU.ActiveCfg = Release|Any CPU
		{0DA29C5A-0251-47C2-B33C-3B56468F2078}.Release|Any CPU.Build.0 = Release|Any CPU
		{B41C140A-7E04-4AD1-90DA-75113DA019F3}.Debug|Any CPU.ActiveCfg = Debug|Any CPU
		{B41C140A-7E04-4AD1-90DA-75113DA019F3}.Debug|Any CPU.Build.0 = Debug|Any CPU
		{B41C140A-7E04-4AD1-90DA-75113DA019F3}.Release|Any CPU.ActiveCfg = Release|Any CPU
		{B41C140A-7E04-4AD1-90DA-75113DA019F3}.Release|Any CPU.Build.0 = Release|Any CPU
		{D7066B5E-48EE-4CF4-8681-E485195949E6}.Debug|Any CPU.ActiveCfg = Debug|Any CPU
		{D7066B5E-48EE-4CF4-8681-E485195949E6}.Debug|Any CPU.Build.0 = Debug|Any CPU
		{D7066B5E-48EE-4CF4-8681-E485195949E6}.Release|Any CPU.ActiveCfg = Release|Any CPU
		{D7066B5E-48EE-4CF4-8681-E485195949E6}.Release|Any CPU.Build.0 = Release|Any CPU
		{EB8DCDC6-A66A-499E-B4E7-FB9FE561CEC4}.Debug|Any CPU.ActiveCfg = Debug|Any CPU
		{EB8DCDC6-A66A-499E-B4E7-FB9FE561CEC4}.Debug|Any CPU.Build.0 = Debug|Any CPU
		{EB8DCDC6-A66A-499E-B4E7-FB9FE561CEC4}.Release|Any CPU.ActiveCfg = Release|Any CPU
		{EB8DCDC6-A66A-499E-B4E7-FB9FE561CEC4}.Release|Any CPU.Build.0 = Release|Any CPU
		{488E7591-0697-4161-B6B0-B6AF70CB7DC1}.Debug|Any CPU.ActiveCfg = Debug|Any CPU
		{488E7591-0697-4161-B6B0-B6AF70CB7DC1}.Debug|Any CPU.Build.0 = Debug|Any CPU
		{488E7591-0697-4161-B6B0-B6AF70CB7DC1}.Release|Any CPU.ActiveCfg = Release|Any CPU
		{488E7591-0697-4161-B6B0-B6AF70CB7DC1}.Release|Any CPU.Build.0 = Release|Any CPU
		{73ABC52A-2FE0-40A9-81E2-9133F7517A56}.Debug|Any CPU.ActiveCfg = Debug|Any CPU
		{73ABC52A-2FE0-40A9-81E2-9133F7517A56}.Debug|Any CPU.Build.0 = Debug|Any CPU
		{73ABC52A-2FE0-40A9-81E2-9133F7517A56}.Release|Any CPU.ActiveCfg = Release|Any CPU
		{73ABC52A-2FE0-40A9-81E2-9133F7517A56}.Release|Any CPU.Build.0 = Release|Any CPU
		{B4A6ABC8-4F9A-491D-89AD-6DC2A3ABCE59}.Debug|Any CPU.ActiveCfg = Debug|Any CPU
		{B4A6ABC8-4F9A-491D-89AD-6DC2A3ABCE59}.Debug|Any CPU.Build.0 = Debug|Any CPU
		{B4A6ABC8-4F9A-491D-89AD-6DC2A3ABCE59}.Release|Any CPU.ActiveCfg = Release|Any CPU
		{B4A6ABC8-4F9A-491D-89AD-6DC2A3ABCE59}.Release|Any CPU.Build.0 = Release|Any CPU
		{48738A4B-ACA9-4AC5-A17E-19E6FCB85624}.Debug|Any CPU.ActiveCfg = Debug|Any CPU
		{48738A4B-ACA9-4AC5-A17E-19E6FCB85624}.Debug|Any CPU.Build.0 = Debug|Any CPU
		{48738A4B-ACA9-4AC5-A17E-19E6FCB85624}.Release|Any CPU.ActiveCfg = Release|Any CPU
		{48738A4B-ACA9-4AC5-A17E-19E6FCB85624}.Release|Any CPU.Build.0 = Release|Any CPU
		{EFFEEFE5-A8E6-47DF-9A40-855F15749C17}.Debug|Any CPU.ActiveCfg = Debug|Any CPU
		{EFFEEFE5-A8E6-47DF-9A40-855F15749C17}.Debug|Any CPU.Build.0 = Debug|Any CPU
		{EFFEEFE5-A8E6-47DF-9A40-855F15749C17}.Release|Any CPU.ActiveCfg = Release|Any CPU
		{EFFEEFE5-A8E6-47DF-9A40-855F15749C17}.Release|Any CPU.Build.0 = Release|Any CPU
		{00755EC4-E700-48AC-AB9C-52683F0B622B}.Debug|Any CPU.ActiveCfg = Debug|Any CPU
		{00755EC4-E700-48AC-AB9C-52683F0B622B}.Debug|Any CPU.Build.0 = Debug|Any CPU
		{00755EC4-E700-48AC-AB9C-52683F0B622B}.Release|Any CPU.ActiveCfg = Release|Any CPU
		{00755EC4-E700-48AC-AB9C-52683F0B622B}.Release|Any CPU.Build.0 = Release|Any CPU
		{3923C53B-B5CF-4EDF-861F-513FAB0BB36C}.Debug|Any CPU.ActiveCfg = Debug|Any CPU
		{3923C53B-B5CF-4EDF-861F-513FAB0BB36C}.Debug|Any CPU.Build.0 = Debug|Any CPU
		{3923C53B-B5CF-4EDF-861F-513FAB0BB36C}.Release|Any CPU.ActiveCfg = Release|Any CPU
		{3923C53B-B5CF-4EDF-861F-513FAB0BB36C}.Release|Any CPU.Build.0 = Release|Any CPU
		{388F2500-F258-471C-AD4E-7E411D100979}.Debug|Any CPU.ActiveCfg = Debug|Any CPU
		{388F2500-F258-471C-AD4E-7E411D100979}.Debug|Any CPU.Build.0 = Debug|Any CPU
		{388F2500-F258-471C-AD4E-7E411D100979}.Release|Any CPU.ActiveCfg = Release|Any CPU
		{388F2500-F258-471C-AD4E-7E411D100979}.Release|Any CPU.Build.0 = Release|Any CPU
		{778CD5B2-B423-4701-A200-C27AC087E3A8}.Debug|Any CPU.ActiveCfg = Debug|Any CPU
		{778CD5B2-B423-4701-A200-C27AC087E3A8}.Debug|Any CPU.Build.0 = Debug|Any CPU
		{778CD5B2-B423-4701-A200-C27AC087E3A8}.Release|Any CPU.ActiveCfg = Release|Any CPU
		{778CD5B2-B423-4701-A200-C27AC087E3A8}.Release|Any CPU.Build.0 = Release|Any CPU
		{242A094C-78C3-4E8E-AFC8-456A0B340A23}.Debug|Any CPU.ActiveCfg = Debug|Any CPU
		{242A094C-78C3-4E8E-AFC8-456A0B340A23}.Debug|Any CPU.Build.0 = Debug|Any CPU
		{242A094C-78C3-4E8E-AFC8-456A0B340A23}.Release|Any CPU.ActiveCfg = Release|Any CPU
		{242A094C-78C3-4E8E-AFC8-456A0B340A23}.Release|Any CPU.Build.0 = Release|Any CPU
		{F0831D6F-D070-4B8A-9347-BFE246576BCC}.Debug|Any CPU.ActiveCfg = Debug|Any CPU
		{F0831D6F-D070-4B8A-9347-BFE246576BCC}.Debug|Any CPU.Build.0 = Debug|Any CPU
		{F0831D6F-D070-4B8A-9347-BFE246576BCC}.Release|Any CPU.ActiveCfg = Release|Any CPU
		{F0831D6F-D070-4B8A-9347-BFE246576BCC}.Release|Any CPU.Build.0 = Release|Any CPU
	EndGlobalSection
	GlobalSection(SolutionProperties) = preSolution
		HideSolutionNode = FALSE
	EndGlobalSection
	GlobalSection(NestedProjects) = preSolution
		{5388863C-20AB-4DD4-AB8B-9965AE86A343} = {A01141FD-AEAE-4F93-B812-F62039C696E7}
		{90A4E51E-0093-4970-A910-5DB274BF1D67} = {A01141FD-AEAE-4F93-B812-F62039C696E7}
		{A87BDEE5-99B7-444B-8818-94869082E307} = {FD42B753-D1F1-40ED-A301-DD060752492B}
		{99F6368F-EFB4-4281-A8E5-99254D038249} = {3179A662-C369-4D7D-A1BF-05AC2F90E8D1}
		{7048323C-4AFD-444F-94BF-46E09AAADD45} = {FD42B753-D1F1-40ED-A301-DD060752492B}
		{6A0BE8CF-3E30-4F55-9250-51D6023E9FB3} = {3179A662-C369-4D7D-A1BF-05AC2F90E8D1}
		{D0B2363B-BA8B-4D4C-951D-60B3ADA4CC9E} = {A01141FD-AEAE-4F93-B812-F62039C696E7}
		{0DA29C5A-0251-47C2-B33C-3B56468F2078} = {A01141FD-AEAE-4F93-B812-F62039C696E7}
		{B41C140A-7E04-4AD1-90DA-75113DA019F3} = {4E6C6147-5DDD-4F96-B578-0205F5C56F19}
		{D7066B5E-48EE-4CF4-8681-E485195949E6} = {4E6C6147-5DDD-4F96-B578-0205F5C56F19}
		{EB8DCDC6-A66A-499E-B4E7-FB9FE561CEC4} = {D24B04A7-CB9A-4243-8B35-9140C88A3D0A}
		{488E7591-0697-4161-B6B0-B6AF70CB7DC1} = {4E6C6147-5DDD-4F96-B578-0205F5C56F19}
		{73ABC52A-2FE0-40A9-81E2-9133F7517A56} = {D24B04A7-CB9A-4243-8B35-9140C88A3D0A}
		{B4A6ABC8-4F9A-491D-89AD-6DC2A3ABCE59} = {D24B04A7-CB9A-4243-8B35-9140C88A3D0A}
		{48738A4B-ACA9-4AC5-A17E-19E6FCB85624} = {3179A662-C369-4D7D-A1BF-05AC2F90E8D1}
		{EFFEEFE5-A8E6-47DF-9A40-855F15749C17} = {3179A662-C369-4D7D-A1BF-05AC2F90E8D1}
		{487EEE18-C0C4-4D0D-B960-8B56CF85C8CD} = {69023CA3-2474-4DAF-9B44-B0CC94A13620}
		{D24B04A7-CB9A-4243-8B35-9140C88A3D0A} = {69023CA3-2474-4DAF-9B44-B0CC94A13620}
		{4E6C6147-5DDD-4F96-B578-0205F5C56F19} = {487EEE18-C0C4-4D0D-B960-8B56CF85C8CD}
		{3179A662-C369-4D7D-A1BF-05AC2F90E8D1} = {487EEE18-C0C4-4D0D-B960-8B56CF85C8CD}
		{A01141FD-AEAE-4F93-B812-F62039C696E7} = {487EEE18-C0C4-4D0D-B960-8B56CF85C8CD}
		{FD42B753-D1F1-40ED-A301-DD060752492B} = {487EEE18-C0C4-4D0D-B960-8B56CF85C8CD}
		{00755EC4-E700-48AC-AB9C-52683F0B622B} = {3179A662-C369-4D7D-A1BF-05AC2F90E8D1}
		{47DC6D59-D29C-4ED4-B21F-3583AE5685D8} = {69023CA3-2474-4DAF-9B44-B0CC94A13620}
		{3923C53B-B5CF-4EDF-861F-513FAB0BB36C} = {47DC6D59-D29C-4ED4-B21F-3583AE5685D8}
		{388F2500-F258-471C-AD4E-7E411D100979} = {47DC6D59-D29C-4ED4-B21F-3583AE5685D8}
		{778CD5B2-B423-4701-A200-C27AC087E3A8} = {4E6C6147-5DDD-4F96-B578-0205F5C56F19}
		{242A094C-78C3-4E8E-AFC8-456A0B340A23} = {4E6C6147-5DDD-4F96-B578-0205F5C56F19}
		{F0831D6F-D070-4B8A-9347-BFE246576BCC} = {D24B04A7-CB9A-4243-8B35-9140C88A3D0A}
	EndGlobalSection
	GlobalSection(ExtensibilityGlobals) = postSolution
		SolutionGuid = {B216C082-BB1D-42D3-81AD-D80D4FDC2AC5}
	EndGlobalSection
EndGlobal
