
Microsoft Visual Studio Solution File, Format Version 12.00
# Visual Studio Version 17
VisualStudioVersion = 17.2.32526.322
MinimumVisualStudioVersion = 10.0.40219.1
Project("{9A19103F-16F7-4668-BE54-9A1E7A4F7556}") = "Knowledge.API", "src\Knowledge.API\Knowledge.API.csproj", "{5388863C-20AB-4DD4-AB8B-9965AE86A343}"
EndProject
Project("{2150E333-8FDC-42A3-9474-1A3956D46DE8}") = "Solution Items", "Solution Items", "{A0EE42A7-8F20-4DC6-B04C-F13CE595B92B}"
	ProjectSection(SolutionItems) = preProject
		.editorconfig = .editorconfig
		docker\docker-compose.yml = docker\docker-compose.yml
	EndProjectSection
EndProject
Project("{9A19103F-16F7-4668-BE54-9A1E7A4F7556}") = "Knowledge.Temp.Test", "test\Knowledge.Temp.Test\Knowledge.Temp.Test.csproj", "{90A4E51E-0093-4970-A910-5DB274BF1D67}"
EndProject
Project("{FAE04EC0-301F-11D3-BF4B-00C04F79EFBC}") = "NetworkLayer.API", "src\NetworkLayer.API\NetworkLayer.API.csproj", "{A87BDEE5-99B7-444B-8818-94869082E307}"
EndProject
Global
	GlobalSection(SolutionConfigurationPlatforms) = preSolution
		Debug|Any CPU = Debug|Any CPU
		Release|Any CPU = Release|Any CPU
	EndGlobalSection
	GlobalSection(ProjectConfigurationPlatforms) = postSolution
		{5388863C-20AB-4DD4-AB8B-9965AE86A343}.Debug|Any CPU.ActiveCfg = Debug|Any CPU
		{5388863C-20AB-4DD4-AB8B-9965AE86A343}.Debug|Any CPU.Build.0 = Debug|Any CPU
		{5388863C-20AB-4DD4-AB8B-9965AE86A343}.Release|Any CPU.ActiveCfg = Release|Any CPU
		{5388863C-20AB-4DD4-AB8B-9965AE86A343}.Release|Any CPU.Build.0 = Release|Any CPU
		{90A4E51E-0093-4970-A910-5DB274BF1D67}.Debug|Any CPU.ActiveCfg = Debug|Any CPU
		{90A4E51E-0093-4970-A910-5DB274BF1D67}.Debug|Any CPU.Build.0 = Debug|Any CPU
		{90A4E51E-0093-4970-A910-5DB274BF1D67}.Release|Any CPU.ActiveCfg = Release|Any CPU
		{90A4E51E-0093-4970-A910-5DB274BF1D67}.Release|Any CPU.Build.0 = Release|Any CPU
		{A87BDEE5-99B7-444B-8818-94869082E307}.Debug|Any CPU.ActiveCfg = Debug|Any CPU
		{A87BDEE5-99B7-444B-8818-94869082E307}.Debug|Any CPU.Build.0 = Debug|Any CPU
		{A87BDEE5-99B7-444B-8818-94869082E307}.Release|Any CPU.ActiveCfg = Release|Any CPU
		{A87BDEE5-99B7-444B-8818-94869082E307}.Release|Any CPU.Build.0 = Release|Any CPU
	EndGlobalSection
	GlobalSection(SolutionProperties) = preSolution
		HideSolutionNode = FALSE
	EndGlobalSection
	GlobalSection(ExtensibilityGlobals) = postSolution
		SolutionGuid = {B216C082-BB1D-42D3-81AD-D80D4FDC2AC5}
	EndGlobalSection
EndGlobal
